// !$*UTF8*$!
{
	archiveVersion = 1;
	classes = {
	};
	objectVersion = 52;
	objects = {

/* Begin PBXBuildFile section */
		4C005849254170AC0015DDE6 /* APIClient.swift in Sources */ = {isa = PBXBuildFile; fileRef = 4C005848254170AC0015DDE6 /* APIClient.swift */; };
		4C005851254171D50015DDE6 /* NetworkResponses.swift in Sources */ = {isa = PBXBuildFile; fileRef = 4C005850254171D50015DDE6 /* NetworkResponses.swift */; };
		4C005856254173540015DDE6 /* RequestBuilder.swift in Sources */ = {isa = PBXBuildFile; fileRef = 4C005855254173540015DDE6 /* RequestBuilder.swift */; };
		4C00585C254178D80015DDE6 /* MoviesRepo.swift in Sources */ = {isa = PBXBuildFile; fileRef = 4C00585B254178D80015DDE6 /* MoviesRepo.swift */; };
		4C005861254198980015DDE6 /* NetworkManagerEvaluator.swift in Sources */ = {isa = PBXBuildFile; fileRef = 4C005860254198980015DDE6 /* NetworkManagerEvaluator.swift */; };
		4C005866254199E90015DDE6 /* RequestAdapters.swift in Sources */ = {isa = PBXBuildFile; fileRef = 4C005865254199E90015DDE6 /* RequestAdapters.swift */; };
		4C0369AC253FF74A005ED1FE /* HomeViewController.swift in Sources */ = {isa = PBXBuildFile; fileRef = 4C0369AB253FF74A005ED1FE /* HomeViewController.swift */; };
		4C06BF6A251412A00007A4CA /* SignUpViewController.swift in Sources */ = {isa = PBXBuildFile; fileRef = 4C06BF63251412A00007A4CA /* SignUpViewController.swift */; };
		4C06BF6B251412A00007A4CA /* SignUpViewModel.swift in Sources */ = {isa = PBXBuildFile; fileRef = 4C06BF64251412A00007A4CA /* SignUpViewModel.swift */; };
		4C06BF6C251412A00007A4CA /* FormViewController.swift in Sources */ = {isa = PBXBuildFile; fileRef = 4C06BF66251412A00007A4CA /* FormViewController.swift */; };
		4C06BF6D251412A00007A4CA /* TextFieldCell.swift in Sources */ = {isa = PBXBuildFile; fileRef = 4C06BF68251412A00007A4CA /* TextFieldCell.swift */; };
		4C06BF6E251412A00007A4CA /* ButtonCell.swift in Sources */ = {isa = PBXBuildFile; fileRef = 4C06BF69251412A00007A4CA /* ButtonCell.swift */; };
		4C46869F252B89E2004A5AB6 /* SwiftyBeaver in Frameworks */ = {isa = PBXBuildFile; productRef = 4C46869E252B89E2004A5AB6 /* SwiftyBeaver */; };
		4C4686A4252B8A7A004A5AB6 /* AppLogger.swift in Sources */ = {isa = PBXBuildFile; fileRef = 4C4686A3252B8A7A004A5AB6 /* AppLogger.swift */; };
		4C4FE6B92540D92400960C8C /* GRDBStorage.swift in Sources */ = {isa = PBXBuildFile; fileRef = 4C4FE6B82540D92400960C8C /* GRDBStorage.swift */; };
		4C4FE6C12540D95500960C8C /* GRDBManager.swift in Sources */ = {isa = PBXBuildFile; fileRef = 4C4FE6C02540D95500960C8C /* GRDBManager.swift */; };
		4C4FE6C62540DA1D00960C8C /* GRDBSchemeMigrator.swift in Sources */ = {isa = PBXBuildFile; fileRef = 4C4FE6C52540DA1D00960C8C /* GRDBSchemeMigrator.swift */; };
		4C4FE6DE2540E5B600960C8C /* schema.sql in Resources */ = {isa = PBXBuildFile; fileRef = 4C4FE6DD2540E5B600960C8C /* schema.sql */; };
		4C4FE6E42540E8B300960C8C /* KeyValueStore.swift in Sources */ = {isa = PBXBuildFile; fileRef = 4C4FE6E32540E8B300960C8C /* KeyValueStore.swift */; };
		4C4FE6EC2540E9D800960C8C /* SDSTableMetadata.swift in Sources */ = {isa = PBXBuildFile; fileRef = 4C4FE6EB2540E9D800960C8C /* SDSTableMetadata.swift */; };
		4C4FE6F12540F61200960C8C /* WalletPreferences.swift in Sources */ = {isa = PBXBuildFile; fileRef = 4C4FE6F02540F61200960C8C /* WalletPreferences.swift */; };
		4C5A206E253FF5C200D8EB21 /* BaseCollectionViewController.swift in Sources */ = {isa = PBXBuildFile; fileRef = 4C5A206D253FF5C200D8EB21 /* BaseCollectionViewController.swift */; };
		4C8C95A325440C110080BCC3 /* Cryptography.swift in Sources */ = {isa = PBXBuildFile; fileRef = 4C8C95A225440C110080BCC3 /* Cryptography.swift */; };
		4C8C95AB25440D6D0080BCC3 /* Data+Convinent.swift in Sources */ = {isa = PBXBuildFile; fileRef = 4C8C95AA25440D6D0080BCC3 /* Data+Convinent.swift */; };
		4C8C95B1254467DA0080BCC3 /* KeychainAccess in Frameworks */ = {isa = PBXBuildFile; productRef = 4C8C95B0254467DA0080BCC3 /* KeychainAccess */; };
		4C8C95B8254468120080BCC3 /* KeychainManager.swift in Sources */ = {isa = PBXBuildFile; fileRef = 4C8C95B7254468120080BCC3 /* KeychainManager.swift */; };
		4C8C95BD254472B20080BCC3 /* URLRequest+Debug.swift in Sources */ = {isa = PBXBuildFile; fileRef = 4C8C95BC254472B20080BCC3 /* URLRequest+Debug.swift */; };
		4C8C95C2254522870080BCC3 /* WalletAccount.swift in Sources */ = {isa = PBXBuildFile; fileRef = 4C8C95C1254522870080BCC3 /* WalletAccount.swift */; };
		4C8C95C825455A230080BCC3 /* ContactsViewController.swift in Sources */ = {isa = PBXBuildFile; fileRef = 4C8C95C725455A230080BCC3 /* ContactsViewController.swift */; };
		4C8C95CD25455A660080BCC3 /* ContactsViewModel.swift in Sources */ = {isa = PBXBuildFile; fileRef = 4C8C95CC25455A660080BCC3 /* ContactsViewModel.swift */; };
		4C8C95D225455AAE0080BCC3 /* ContactsRepo.swift in Sources */ = {isa = PBXBuildFile; fileRef = 4C8C95D125455AAE0080BCC3 /* ContactsRepo.swift */; };
		4C8C95DC254563460080BCC3 /* PhoneNumberKit in Frameworks */ = {isa = PBXBuildFile; productRef = 4C8C95DB254563460080BCC3 /* PhoneNumberKit */; };
		4C8C95E22545B69A0080BCC3 /* SystemContactsFetcher.swift in Sources */ = {isa = PBXBuildFile; fileRef = 4C8C95E12545B69A0080BCC3 /* SystemContactsFetcher.swift */; };
		4C8C95EA2545B80C0080BCC3 /* WalletContact.swift in Sources */ = {isa = PBXBuildFile; fileRef = 4C8C95E92545B80C0080BCC3 /* WalletContact.swift */; };
		4C8C95F02545C1C70080BCC3 /* ImageCache.swift in Sources */ = {isa = PBXBuildFile; fileRef = 4C8C95EF2545C1C70080BCC3 /* ImageCache.swift */; };
		4C8C95F52545C2020080BCC3 /* WalletContactsManager.swift in Sources */ = {isa = PBXBuildFile; fileRef = 4C8C95F42545C2020080BCC3 /* WalletContactsManager.swift */; };
		4C8C95FA2546C7CC0080BCC3 /* ContactDiscoveryOperation.swift in Sources */ = {isa = PBXBuildFile; fileRef = 4C8C95F92546C7CC0080BCC3 /* ContactDiscoveryOperation.swift */; };
		4C9BE9422536636F00394248 /* SplashViewController.swift in Sources */ = {isa = PBXBuildFile; fileRef = 4C9BE9412536636F00394248 /* SplashViewController.swift */; };
		4C9BE9472536653A00394248 /* AnimatedImageCell.swift in Sources */ = {isa = PBXBuildFile; fileRef = 4C9BE9462536653A00394248 /* AnimatedImageCell.swift */; };
		4C9BE94D2536674700394248 /* Lottie+Hashable.swift in Sources */ = {isa = PBXBuildFile; fileRef = 4C9BE94C2536674700394248 /* Lottie+Hashable.swift */; };
		4C9BE954253668E800394248 /* splash-wallet-animation.json in Resources */ = {isa = PBXBuildFile; fileRef = 4C9BE953253668E800394248 /* splash-wallet-animation.json */; };
		4C9CAA09253DC7D9005909E9 /* UIFont+Styles.swift in Sources */ = {isa = PBXBuildFile; fileRef = 4C9CAA08253DC7D9005909E9 /* UIFont+Styles.swift */; };
		4C9CAA11253FF180005909E9 /* OTPFieldCell.swift in Sources */ = {isa = PBXBuildFile; fileRef = 4C9CAA10253FF180005909E9 /* OTPFieldCell.swift */; };
		4CD08EE6253798D8004ABCE7 /* Localizable.strings in Resources */ = {isa = PBXBuildFile; fileRef = 4CD08EE8253798D8004ABCE7 /* Localizable.strings */; };
		4CD08EF3253C0152004ABCE7 /* LayoutGuide.swift in Sources */ = {isa = PBXBuildFile; fileRef = 4CD08EF2253C0152004ABCE7 /* LayoutGuide.swift */; };
		4CD08EF9253C06EA004ABCE7 /* SafeAreaInputAccessoryViewWrapperView.swift in Sources */ = {isa = PBXBuildFile; fileRef = 4CD08EF8253C06EA004ABCE7 /* SafeAreaInputAccessoryViewWrapperView.swift */; };
		4CD08F02253DB97B004ABCE7 /* VerifyPhoneNumberViewController.swift in Sources */ = {isa = PBXBuildFile; fileRef = 4CD08F01253DB97B004ABCE7 /* VerifyPhoneNumberViewController.swift */; };
		4CD08F07253DB9D8004ABCE7 /* VerifyPhoneNumberViewModel.swift in Sources */ = {isa = PBXBuildFile; fileRef = 4CD08F06253DB9D8004ABCE7 /* VerifyPhoneNumberViewModel.swift */; };
		4CD2FE7C252BD05F001771CF /* TitleCell.swift in Sources */ = {isa = PBXBuildFile; fileRef = 4CD2FE7B252BD05F001771CF /* TitleCell.swift */; };
		4CD2FE832533BA40001771CF /* AuthRepo.swift in Sources */ = {isa = PBXBuildFile; fileRef = 4CD2FE822533BA40001771CF /* AuthRepo.swift */; };
		4CD2FE8925365863001771CF /* GRDB in Frameworks */ = {isa = PBXBuildFile; productRef = 4CD2FE8825365863001771CF /* GRDB */; };
		4CD2FE9025365AAC001771CF /* WalletNavigationController.swift in Sources */ = {isa = PBXBuildFile; fileRef = 4CD2FE8F25365AAC001771CF /* WalletNavigationController.swift */; };
		4CD2FE9525365B62001771CF /* AuthNavigationController.swift in Sources */ = {isa = PBXBuildFile; fileRef = 4CD2FE9425365B62001771CF /* AuthNavigationController.swift */; };
		4CE7FA9925366194006A0E86 /* Lottie in Frameworks */ = {isa = PBXBuildFile; productRef = 4CE7FA9825366194006A0E86 /* Lottie */; };
		4CF7E3652514102D00BA078F /* AppDelegate.swift in Sources */ = {isa = PBXBuildFile; fileRef = 4CF7E3642514102D00BA078F /* AppDelegate.swift */; };
		4CF7E3672514102D00BA078F /* SceneDelegate.swift in Sources */ = {isa = PBXBuildFile; fileRef = 4CF7E3662514102D00BA078F /* SceneDelegate.swift */; };
		4CF7E36E2514102D00BA078F /* Assets.xcassets in Resources */ = {isa = PBXBuildFile; fileRef = 4CF7E36D2514102D00BA078F /* Assets.xcassets */; };
		4CF7E3712514102D00BA078F /* LaunchScreen.storyboard in Resources */ = {isa = PBXBuildFile; fileRef = 4CF7E36F2514102D00BA078F /* LaunchScreen.storyboard */; };
		4CF7E37C2514102D00BA078F /* One_WalletTests.swift in Sources */ = {isa = PBXBuildFile; fileRef = 4CF7E37B2514102D00BA078F /* One_WalletTests.swift */; };
		4CF7E3872514102E00BA078F /* One_WalletUITests.swift in Sources */ = {isa = PBXBuildFile; fileRef = 4CF7E3862514102E00BA078F /* One_WalletUITests.swift */; };
		4CF7E3A1251410E200BA078F /* WalletApp.swift in Sources */ = {isa = PBXBuildFile; fileRef = 4CF7E3A0251410E200BA078F /* WalletApp.swift */; };
/* End PBXBuildFile section */

/* Begin PBXContainerItemProxy section */
		4CF7E3782514102D00BA078F /* PBXContainerItemProxy */ = {
			isa = PBXContainerItemProxy;
			containerPortal = 4CF7E3592514102D00BA078F /* Project object */;
			proxyType = 1;
			remoteGlobalIDString = 4CF7E3602514102D00BA078F;
			remoteInfo = "One-Wallet";
		};
		4CF7E3832514102E00BA078F /* PBXContainerItemProxy */ = {
			isa = PBXContainerItemProxy;
			containerPortal = 4CF7E3592514102D00BA078F /* Project object */;
			proxyType = 1;
			remoteGlobalIDString = 4CF7E3602514102D00BA078F;
			remoteInfo = "One-Wallet";
		};
/* End PBXContainerItemProxy section */

/* Begin PBXFileReference section */
		4C005848254170AC0015DDE6 /* APIClient.swift */ = {isa = PBXFileReference; lastKnownFileType = sourcecode.swift; path = APIClient.swift; sourceTree = "<group>"; };
		4C005850254171D50015DDE6 /* NetworkResponses.swift */ = {isa = PBXFileReference; lastKnownFileType = sourcecode.swift; path = NetworkResponses.swift; sourceTree = "<group>"; };
		4C005855254173540015DDE6 /* RequestBuilder.swift */ = {isa = PBXFileReference; lastKnownFileType = sourcecode.swift; path = RequestBuilder.swift; sourceTree = "<group>"; };
		4C00585B254178D80015DDE6 /* MoviesRepo.swift */ = {isa = PBXFileReference; lastKnownFileType = sourcecode.swift; path = MoviesRepo.swift; sourceTree = "<group>"; };
		4C005860254198980015DDE6 /* NetworkManagerEvaluator.swift */ = {isa = PBXFileReference; lastKnownFileType = sourcecode.swift; path = NetworkManagerEvaluator.swift; sourceTree = "<group>"; };
		4C005865254199E90015DDE6 /* RequestAdapters.swift */ = {isa = PBXFileReference; lastKnownFileType = sourcecode.swift; path = RequestAdapters.swift; sourceTree = "<group>"; };
		4C0369AB253FF74A005ED1FE /* HomeViewController.swift */ = {isa = PBXFileReference; lastKnownFileType = sourcecode.swift; path = HomeViewController.swift; sourceTree = "<group>"; };
		4C06BF63251412A00007A4CA /* SignUpViewController.swift */ = {isa = PBXFileReference; fileEncoding = 4; lastKnownFileType = sourcecode.swift; path = SignUpViewController.swift; sourceTree = "<group>"; };
		4C06BF64251412A00007A4CA /* SignUpViewModel.swift */ = {isa = PBXFileReference; fileEncoding = 4; lastKnownFileType = sourcecode.swift; path = SignUpViewModel.swift; sourceTree = "<group>"; };
		4C06BF66251412A00007A4CA /* FormViewController.swift */ = {isa = PBXFileReference; fileEncoding = 4; lastKnownFileType = sourcecode.swift; path = FormViewController.swift; sourceTree = "<group>"; };
		4C06BF68251412A00007A4CA /* TextFieldCell.swift */ = {isa = PBXFileReference; fileEncoding = 4; lastKnownFileType = sourcecode.swift; path = TextFieldCell.swift; sourceTree = "<group>"; };
		4C06BF69251412A00007A4CA /* ButtonCell.swift */ = {isa = PBXFileReference; fileEncoding = 4; lastKnownFileType = sourcecode.swift; path = ButtonCell.swift; sourceTree = "<group>"; };
		4C4686A3252B8A7A004A5AB6 /* AppLogger.swift */ = {isa = PBXFileReference; lastKnownFileType = sourcecode.swift; path = AppLogger.swift; sourceTree = "<group>"; };
		4C4FE6B82540D92400960C8C /* GRDBStorage.swift */ = {isa = PBXFileReference; lastKnownFileType = sourcecode.swift; path = GRDBStorage.swift; sourceTree = "<group>"; };
		4C4FE6C02540D95500960C8C /* GRDBManager.swift */ = {isa = PBXFileReference; lastKnownFileType = sourcecode.swift; path = GRDBManager.swift; sourceTree = "<group>"; };
		4C4FE6C52540DA1D00960C8C /* GRDBSchemeMigrator.swift */ = {isa = PBXFileReference; lastKnownFileType = sourcecode.swift; path = GRDBSchemeMigrator.swift; sourceTree = "<group>"; };
		4C4FE6DD2540E5B600960C8C /* schema.sql */ = {isa = PBXFileReference; lastKnownFileType = text; path = schema.sql; sourceTree = "<group>"; };
		4C4FE6E32540E8B300960C8C /* KeyValueStore.swift */ = {isa = PBXFileReference; lastKnownFileType = sourcecode.swift; path = KeyValueStore.swift; sourceTree = "<group>"; };
		4C4FE6EB2540E9D800960C8C /* SDSTableMetadata.swift */ = {isa = PBXFileReference; lastKnownFileType = sourcecode.swift; path = SDSTableMetadata.swift; sourceTree = "<group>"; };
		4C4FE6F02540F61200960C8C /* WalletPreferences.swift */ = {isa = PBXFileReference; lastKnownFileType = sourcecode.swift; path = WalletPreferences.swift; sourceTree = "<group>"; };
		4C5A206D253FF5C200D8EB21 /* BaseCollectionViewController.swift */ = {isa = PBXFileReference; lastKnownFileType = sourcecode.swift; path = BaseCollectionViewController.swift; sourceTree = "<group>"; };
		4C8C95A225440C110080BCC3 /* Cryptography.swift */ = {isa = PBXFileReference; lastKnownFileType = sourcecode.swift; path = Cryptography.swift; sourceTree = "<group>"; };
		4C8C95AA25440D6D0080BCC3 /* Data+Convinent.swift */ = {isa = PBXFileReference; lastKnownFileType = sourcecode.swift; path = "Data+Convinent.swift"; sourceTree = "<group>"; };
		4C8C95B7254468120080BCC3 /* KeychainManager.swift */ = {isa = PBXFileReference; lastKnownFileType = sourcecode.swift; path = KeychainManager.swift; sourceTree = "<group>"; };
		4C8C95BC254472B20080BCC3 /* URLRequest+Debug.swift */ = {isa = PBXFileReference; lastKnownFileType = sourcecode.swift; path = "URLRequest+Debug.swift"; sourceTree = "<group>"; };
		4C8C95C1254522870080BCC3 /* WalletAccount.swift */ = {isa = PBXFileReference; lastKnownFileType = sourcecode.swift; path = WalletAccount.swift; sourceTree = "<group>"; };
		4C8C95C725455A230080BCC3 /* ContactsViewController.swift */ = {isa = PBXFileReference; lastKnownFileType = sourcecode.swift; path = ContactsViewController.swift; sourceTree = "<group>"; };
		4C8C95CC25455A660080BCC3 /* ContactsViewModel.swift */ = {isa = PBXFileReference; lastKnownFileType = sourcecode.swift; path = ContactsViewModel.swift; sourceTree = "<group>"; };
		4C8C95D125455AAE0080BCC3 /* ContactsRepo.swift */ = {isa = PBXFileReference; lastKnownFileType = sourcecode.swift; path = ContactsRepo.swift; sourceTree = "<group>"; };
		4C8C95E12545B69A0080BCC3 /* SystemContactsFetcher.swift */ = {isa = PBXFileReference; lastKnownFileType = sourcecode.swift; path = SystemContactsFetcher.swift; sourceTree = "<group>"; };
		4C8C95E92545B80C0080BCC3 /* WalletContact.swift */ = {isa = PBXFileReference; lastKnownFileType = sourcecode.swift; path = WalletContact.swift; sourceTree = "<group>"; };
		4C8C95EF2545C1C70080BCC3 /* ImageCache.swift */ = {isa = PBXFileReference; lastKnownFileType = sourcecode.swift; path = ImageCache.swift; sourceTree = "<group>"; };
		4C8C95F42545C2020080BCC3 /* WalletContactsManager.swift */ = {isa = PBXFileReference; lastKnownFileType = sourcecode.swift; path = WalletContactsManager.swift; sourceTree = "<group>"; };
		4C8C95F92546C7CC0080BCC3 /* ContactDiscoveryOperation.swift */ = {isa = PBXFileReference; lastKnownFileType = sourcecode.swift; path = ContactDiscoveryOperation.swift; sourceTree = "<group>"; };
		4C9BE9412536636F00394248 /* SplashViewController.swift */ = {isa = PBXFileReference; lastKnownFileType = sourcecode.swift; path = SplashViewController.swift; sourceTree = "<group>"; };
		4C9BE9462536653A00394248 /* AnimatedImageCell.swift */ = {isa = PBXFileReference; lastKnownFileType = sourcecode.swift; path = AnimatedImageCell.swift; sourceTree = "<group>"; };
		4C9BE94C2536674700394248 /* Lottie+Hashable.swift */ = {isa = PBXFileReference; lastKnownFileType = sourcecode.swift; path = "Lottie+Hashable.swift"; sourceTree = "<group>"; };
		4C9BE953253668E800394248 /* splash-wallet-animation.json */ = {isa = PBXFileReference; fileEncoding = 4; lastKnownFileType = text.json; path = "splash-wallet-animation.json"; sourceTree = "<group>"; };
		4C9CAA08253DC7D9005909E9 /* UIFont+Styles.swift */ = {isa = PBXFileReference; lastKnownFileType = sourcecode.swift; path = "UIFont+Styles.swift"; sourceTree = "<group>"; };
		4C9CAA10253FF180005909E9 /* OTPFieldCell.swift */ = {isa = PBXFileReference; lastKnownFileType = sourcecode.swift; path = OTPFieldCell.swift; sourceTree = "<group>"; };
		4CD08EE7253798D8004ABCE7 /* en */ = {isa = PBXFileReference; lastKnownFileType = text.plist.strings; name = en; path = en.lproj/Localizable.strings; sourceTree = "<group>"; };
		4CD08EEC253798F1004ABCE7 /* ar */ = {isa = PBXFileReference; lastKnownFileType = text.plist.strings; name = ar; path = ar.lproj/LaunchScreen.strings; sourceTree = "<group>"; };
		4CD08EED253798F1004ABCE7 /* ar */ = {isa = PBXFileReference; lastKnownFileType = text.plist.strings; name = ar; path = ar.lproj/Localizable.strings; sourceTree = "<group>"; };
		4CD08EF2253C0152004ABCE7 /* LayoutGuide.swift */ = {isa = PBXFileReference; lastKnownFileType = sourcecode.swift; path = LayoutGuide.swift; sourceTree = "<group>"; };
		4CD08EF8253C06EA004ABCE7 /* SafeAreaInputAccessoryViewWrapperView.swift */ = {isa = PBXFileReference; lastKnownFileType = sourcecode.swift; path = SafeAreaInputAccessoryViewWrapperView.swift; sourceTree = "<group>"; };
		4CD08F01253DB97B004ABCE7 /* VerifyPhoneNumberViewController.swift */ = {isa = PBXFileReference; lastKnownFileType = sourcecode.swift; path = VerifyPhoneNumberViewController.swift; sourceTree = "<group>"; };
		4CD08F06253DB9D8004ABCE7 /* VerifyPhoneNumberViewModel.swift */ = {isa = PBXFileReference; lastKnownFileType = sourcecode.swift; path = VerifyPhoneNumberViewModel.swift; sourceTree = "<group>"; };
		4CD2FE7B252BD05F001771CF /* TitleCell.swift */ = {isa = PBXFileReference; lastKnownFileType = sourcecode.swift; path = TitleCell.swift; sourceTree = "<group>"; };
		4CD2FE822533BA40001771CF /* AuthRepo.swift */ = {isa = PBXFileReference; lastKnownFileType = sourcecode.swift; path = AuthRepo.swift; sourceTree = "<group>"; };
		4CD2FE8F25365AAC001771CF /* WalletNavigationController.swift */ = {isa = PBXFileReference; lastKnownFileType = sourcecode.swift; path = WalletNavigationController.swift; sourceTree = "<group>"; };
		4CD2FE9425365B62001771CF /* AuthNavigationController.swift */ = {isa = PBXFileReference; lastKnownFileType = sourcecode.swift; path = AuthNavigationController.swift; sourceTree = "<group>"; };
		4CF7E3612514102D00BA078F /* One-Wallet.app */ = {isa = PBXFileReference; explicitFileType = wrapper.application; includeInIndex = 0; path = "One-Wallet.app"; sourceTree = BUILT_PRODUCTS_DIR; };
		4CF7E3642514102D00BA078F /* AppDelegate.swift */ = {isa = PBXFileReference; lastKnownFileType = sourcecode.swift; path = AppDelegate.swift; sourceTree = "<group>"; };
		4CF7E3662514102D00BA078F /* SceneDelegate.swift */ = {isa = PBXFileReference; lastKnownFileType = sourcecode.swift; path = SceneDelegate.swift; sourceTree = "<group>"; };
		4CF7E36D2514102D00BA078F /* Assets.xcassets */ = {isa = PBXFileReference; lastKnownFileType = folder.assetcatalog; path = Assets.xcassets; sourceTree = "<group>"; };
		4CF7E3702514102D00BA078F /* Base */ = {isa = PBXFileReference; lastKnownFileType = file.storyboard; name = Base; path = Base.lproj/LaunchScreen.storyboard; sourceTree = "<group>"; };
		4CF7E3722514102D00BA078F /* Info.plist */ = {isa = PBXFileReference; lastKnownFileType = text.plist.xml; path = Info.plist; sourceTree = "<group>"; };
		4CF7E3772514102D00BA078F /* One-WalletTests.xctest */ = {isa = PBXFileReference; explicitFileType = wrapper.cfbundle; includeInIndex = 0; path = "One-WalletTests.xctest"; sourceTree = BUILT_PRODUCTS_DIR; };
		4CF7E37B2514102D00BA078F /* One_WalletTests.swift */ = {isa = PBXFileReference; lastKnownFileType = sourcecode.swift; path = One_WalletTests.swift; sourceTree = "<group>"; };
		4CF7E37D2514102E00BA078F /* Info.plist */ = {isa = PBXFileReference; lastKnownFileType = text.plist.xml; path = Info.plist; sourceTree = "<group>"; };
		4CF7E3822514102E00BA078F /* One-WalletUITests.xctest */ = {isa = PBXFileReference; explicitFileType = wrapper.cfbundle; includeInIndex = 0; path = "One-WalletUITests.xctest"; sourceTree = BUILT_PRODUCTS_DIR; };
		4CF7E3862514102E00BA078F /* One_WalletUITests.swift */ = {isa = PBXFileReference; lastKnownFileType = sourcecode.swift; path = One_WalletUITests.swift; sourceTree = "<group>"; };
		4CF7E3882514102E00BA078F /* Info.plist */ = {isa = PBXFileReference; lastKnownFileType = text.plist.xml; path = Info.plist; sourceTree = "<group>"; };
		4CF7E3A0251410E200BA078F /* WalletApp.swift */ = {isa = PBXFileReference; lastKnownFileType = sourcecode.swift; path = WalletApp.swift; sourceTree = "<group>"; };
/* End PBXFileReference section */

/* Begin PBXFrameworksBuildPhase section */
		4CF7E35E2514102D00BA078F /* Frameworks */ = {
			isa = PBXFrameworksBuildPhase;
			buildActionMask = 2147483647;
			files = (
				4C8C95B1254467DA0080BCC3 /* KeychainAccess in Frameworks */,
				4C8C95DC254563460080BCC3 /* PhoneNumberKit in Frameworks */,
				4C46869F252B89E2004A5AB6 /* SwiftyBeaver in Frameworks */,
				4CD2FE8925365863001771CF /* GRDB in Frameworks */,
				4CE7FA9925366194006A0E86 /* Lottie in Frameworks */,
			);
			runOnlyForDeploymentPostprocessing = 0;
		};
		4CF7E3742514102D00BA078F /* Frameworks */ = {
			isa = PBXFrameworksBuildPhase;
			buildActionMask = 2147483647;
			files = (
			);
			runOnlyForDeploymentPostprocessing = 0;
		};
		4CF7E37F2514102E00BA078F /* Frameworks */ = {
			isa = PBXFrameworksBuildPhase;
			buildActionMask = 2147483647;
			files = (
			);
			runOnlyForDeploymentPostprocessing = 0;
		};
/* End PBXFrameworksBuildPhase section */

/* Begin PBXGroup section */
		4C005847254170940015DDE6 /* Networks */ = {
			isa = PBXGroup;
			children = (
				4C005848254170AC0015DDE6 /* APIClient.swift */,
				4C005850254171D50015DDE6 /* NetworkResponses.swift */,
				4C005855254173540015DDE6 /* RequestBuilder.swift */,
				4C005860254198980015DDE6 /* NetworkManagerEvaluator.swift */,
				4C005865254199E90015DDE6 /* RequestAdapters.swift */,
			);
			path = Networks;
			sourceTree = "<group>";
		};
		4C00585A254178B30015DDE6 /* Movies Repo */ = {
			isa = PBXGroup;
			children = (
				4C00585B254178D80015DDE6 /* MoviesRepo.swift */,
			);
			path = "Movies Repo";
			sourceTree = "<group>";
		};
		4C0369AA253FF733005ED1FE /* Home */ = {
			isa = PBXGroup;
			children = (
				4C0369AB253FF74A005ED1FE /* HomeViewController.swift */,
			);
			path = Home;
			sourceTree = "<group>";
		};
		4C06BF61251412A00007A4CA /* Auth User Story */ = {
			isa = PBXGroup;
			children = (
				4CD08F00253DB946004ABCE7 /* Verify Phone Number */,
				4C06BF62251412A00007A4CA /* Signup */,
				4C9BE9412536636F00394248 /* SplashViewController.swift */,
			);
			path = "Auth User Story";
			sourceTree = "<group>";
		};
		4C06BF62251412A00007A4CA /* Signup */ = {
			isa = PBXGroup;
			children = (
				4C06BF63251412A00007A4CA /* SignUpViewController.swift */,
				4C06BF64251412A00007A4CA /* SignUpViewModel.swift */,
			);
			path = Signup;
			sourceTree = "<group>";
		};
		4C06BF65251412A00007A4CA /* Forms */ = {
			isa = PBXGroup;
			children = (
				4C06BF66251412A00007A4CA /* FormViewController.swift */,
				4C06BF67251412A00007A4CA /* Form Cells */,
			);
			path = Forms;
			sourceTree = "<group>";
		};
		4C06BF67251412A00007A4CA /* Form Cells */ = {
			isa = PBXGroup;
			children = (
				4C06BF68251412A00007A4CA /* TextFieldCell.swift */,
				4C06BF69251412A00007A4CA /* ButtonCell.swift */,
				4CD2FE7B252BD05F001771CF /* TitleCell.swift */,
				4C9BE9462536653A00394248 /* AnimatedImageCell.swift */,
				4C9CAA10253FF180005909E9 /* OTPFieldCell.swift */,
			);
			path = "Form Cells";
			sourceTree = "<group>";
		};
		4C4686A8252B8A7E004A5AB6 /* Utils */ = {
			isa = PBXGroup;
			children = (
				4C8C95EE2545C1B80080BCC3 /* Caching */,
				4C8C95E02545B68E0080BCC3 /* Contacts */,
				4C8C95B6254467F30080BCC3 /* Keychain */,
				4C8C95A125440BF40080BCC3 /* Crypto */,
				4C4FE6CD2540DBA300960C8C /* Foundation Extensions */,
				4C9CAA07253DC7C0005909E9 /* UI Extensions */,
				4C9BE94B2536673000394248 /* Lottie */,
				4C4686A9252B8A85004A5AB6 /* Loggins */,
			);
			path = Utils;
			sourceTree = "<group>";
		};
		4C4686A9252B8A85004A5AB6 /* Loggins */ = {
			isa = PBXGroup;
			children = (
				4C4686A3252B8A7A004A5AB6 /* AppLogger.swift */,
			);
			path = Loggins;
			sourceTree = "<group>";
		};
		4C4FE6A52540D63700960C8C /* Database */ = {
			isa = PBXGroup;
			children = (
				4C4FE6E22540E89E00960C8C /* Models */,
				4C4FE6B82540D92400960C8C /* GRDBStorage.swift */,
				4C4FE6C02540D95500960C8C /* GRDBManager.swift */,
				4C4FE6C52540DA1D00960C8C /* GRDBSchemeMigrator.swift */,
				4C4FE6DD2540E5B600960C8C /* schema.sql */,
				4C4FE6EB2540E9D800960C8C /* SDSTableMetadata.swift */,
			);
			path = Database;
			sourceTree = "<group>";
		};
		4C4FE6CD2540DBA300960C8C /* Foundation Extensions */ = {
			isa = PBXGroup;
			children = (
				4C8C95AA25440D6D0080BCC3 /* Data+Convinent.swift */,
				4C8C95BC254472B20080BCC3 /* URLRequest+Debug.swift */,
			);
			path = "Foundation Extensions";
			sourceTree = "<group>";
		};
		4C4FE6E22540E89E00960C8C /* Models */ = {
			isa = PBXGroup;
			children = (
				4C4FE6E32540E8B300960C8C /* KeyValueStore.swift */,
				4C4FE6F02540F61200960C8C /* WalletPreferences.swift */,
				4C8C95C1254522870080BCC3 /* WalletAccount.swift */,
				4C8C95E92545B80C0080BCC3 /* WalletContact.swift */,
			);
			path = Models;
			sourceTree = "<group>";
		};
		4C6F39C7253FF6D600D163BB /* Base Collection View */ = {
			isa = PBXGroup;
			children = (
				4C8C95D625455D110080BCC3 /* Cells */,
				4C5A206D253FF5C200D8EB21 /* BaseCollectionViewController.swift */,
			);
			path = "Base Collection View";
			sourceTree = "<group>";
		};
		4C8C95A125440BF40080BCC3 /* Crypto */ = {
			isa = PBXGroup;
			children = (
				4C8C95A225440C110080BCC3 /* Cryptography.swift */,
			);
			path = Crypto;
			sourceTree = "<group>";
		};
		4C8C95B6254467F30080BCC3 /* Keychain */ = {
			isa = PBXGroup;
			children = (
				4C8C95B7254468120080BCC3 /* KeychainManager.swift */,
			);
			path = Keychain;
			sourceTree = "<group>";
		};
		4C8C95C625455A0C0080BCC3 /* Contacts */ = {
			isa = PBXGroup;
			children = (
				4C8C95C725455A230080BCC3 /* ContactsViewController.swift */,
				4C8C95CC25455A660080BCC3 /* ContactsViewModel.swift */,
			);
			path = Contacts;
			sourceTree = "<group>";
		};
		4C8C95D625455D110080BCC3 /* Cells */ = {
			isa = PBXGroup;
			children = (
			);
			path = Cells;
			sourceTree = "<group>";
		};
		4C8C95E02545B68E0080BCC3 /* Contacts */ = {
			isa = PBXGroup;
			children = (
				4C8C95E12545B69A0080BCC3 /* SystemContactsFetcher.swift */,
			);
			path = Contacts;
			sourceTree = "<group>";
		};
		4C8C95EE2545C1B80080BCC3 /* Caching */ = {
			isa = PBXGroup;
			children = (
				4C8C95EF2545C1C70080BCC3 /* ImageCache.swift */,
			);
			path = Caching;
			sourceTree = "<group>";
		};
		4C8C95FE2546CEAC0080BCC3 /* Contacts Discovery */ = {
			isa = PBXGroup;
			children = (
				4C8C95F42545C2020080BCC3 /* WalletContactsManager.swift */,
				4C8C95F92546C7CC0080BCC3 /* ContactDiscoveryOperation.swift */,
			);
			path = "Contacts Discovery";
			sourceTree = "<group>";
		};
		4C9BE94B2536673000394248 /* Lottie */ = {
			isa = PBXGroup;
			children = (
				4C9BE94C2536674700394248 /* Lottie+Hashable.swift */,
			);
			path = Lottie;
			sourceTree = "<group>";
		};
		4C9BE952253668C300394248 /* Lottie */ = {
			isa = PBXGroup;
			children = (
				4C9BE953253668E800394248 /* splash-wallet-animation.json */,
			);
			path = Lottie;
			sourceTree = "<group>";
		};
		4C9CAA07253DC7C0005909E9 /* UI Extensions */ = {
			isa = PBXGroup;
			children = (
				4C9CAA08253DC7D9005909E9 /* UIFont+Styles.swift */,
			);
			path = "UI Extensions";
			sourceTree = "<group>";
		};
		4CD08EF1253C011A004ABCE7 /* Design System */ = {
			isa = PBXGroup;
			children = (
				4CD08EF2253C0152004ABCE7 /* LayoutGuide.swift */,
			);
			path = "Design System";
			sourceTree = "<group>";
		};
		4CD08EF7253C06DE004ABCE7 /* Views */ = {
			isa = PBXGroup;
			children = (
				4CD08EF8253C06EA004ABCE7 /* SafeAreaInputAccessoryViewWrapperView.swift */,
			);
			path = Views;
			sourceTree = "<group>";
		};
		4CD08F00253DB946004ABCE7 /* Verify Phone Number */ = {
			isa = PBXGroup;
			children = (
				4CD08F01253DB97B004ABCE7 /* VerifyPhoneNumberViewController.swift */,
				4CD08F06253DB9D8004ABCE7 /* VerifyPhoneNumberViewModel.swift */,
			);
			path = "Verify Phone Number";
			sourceTree = "<group>";
		};
		4CD2FE802533B5BF001771CF /* Repoistories */ = {
			isa = PBXGroup;
			children = (
				4C00585A254178B30015DDE6 /* Movies Repo */,
				4CD2FE812533B5CE001771CF /* Auth Repo */,
			);
			path = Repoistories;
			sourceTree = "<group>";
		};
		4CD2FE812533B5CE001771CF /* Auth Repo */ = {
			isa = PBXGroup;
			children = (
				4CD2FE822533BA40001771CF /* AuthRepo.swift */,
				4C8C95D125455AAE0080BCC3 /* ContactsRepo.swift */,
			);
			path = "Auth Repo";
			sourceTree = "<group>";
		};
		4CD2FE8D25365A60001771CF /* User Interface */ = {
			isa = PBXGroup;
			children = (
				4C0369AA253FF733005ED1FE /* Home */,
				4C6F39C7253FF6D600D163BB /* Base Collection View */,
				4CD2FE8E25365A78001771CF /* View Controllers */,
				4CF7E39E2514109F00BA078F /* User Story */,
			);
			path = "User Interface";
			sourceTree = "<group>";
		};
		4CD2FE8E25365A78001771CF /* View Controllers */ = {
			isa = PBXGroup;
			children = (
				4CD2FE8F25365AAC001771CF /* WalletNavigationController.swift */,
				4CD2FE9425365B62001771CF /* AuthNavigationController.swift */,
			);
			path = "View Controllers";
			sourceTree = "<group>";
		};
		4CF7E3582514102D00BA078F = {
			isa = PBXGroup;
			children = (
				4CF7E3632514102D00BA078F /* One-Wallet */,
				4CF7E37A2514102D00BA078F /* One-WalletTests */,
				4CF7E3852514102E00BA078F /* One-WalletUITests */,
				4CF7E3622514102D00BA078F /* Products */,
			);
			sourceTree = "<group>";
		};
		4CF7E3622514102D00BA078F /* Products */ = {
			isa = PBXGroup;
			children = (
				4CF7E3612514102D00BA078F /* One-Wallet.app */,
				4CF7E3772514102D00BA078F /* One-WalletTests.xctest */,
				4CF7E3822514102E00BA078F /* One-WalletUITests.xctest */,
			);
			name = Products;
			sourceTree = "<group>";
		};
		4CF7E3632514102D00BA078F /* One-Wallet */ = {
			isa = PBXGroup;
			children = (
				4C8C95FE2546CEAC0080BCC3 /* Contacts Discovery */,
				4CF7E39D2514109000BA078F /* App */,
				4C4FE6A52540D63700960C8C /* Database */,
				4CD08EF1253C011A004ABCE7 /* Design System */,
				4CF7E3722514102D00BA078F /* Info.plist */,
				4C005847254170940015DDE6 /* Networks */,
				4CD2FE802533B5BF001771CF /* Repoistories */,
				4CF7E39F251410AC00BA078F /* Resources */,
				4CD2FE8D25365A60001771CF /* User Interface */,
				4C4686A8252B8A7E004A5AB6 /* Utils */,
				4CD08EF7253C06DE004ABCE7 /* Views */,
			);
			path = "One-Wallet";
			sourceTree = "<group>";
		};
		4CF7E37A2514102D00BA078F /* One-WalletTests */ = {
			isa = PBXGroup;
			children = (
				4CF7E37B2514102D00BA078F /* One_WalletTests.swift */,
				4CF7E37D2514102E00BA078F /* Info.plist */,
			);
			path = "One-WalletTests";
			sourceTree = "<group>";
		};
		4CF7E3852514102E00BA078F /* One-WalletUITests */ = {
			isa = PBXGroup;
			children = (
				4CF7E3862514102E00BA078F /* One_WalletUITests.swift */,
				4CF7E3882514102E00BA078F /* Info.plist */,
			);
			path = "One-WalletUITests";
			sourceTree = "<group>";
		};
		4CF7E39D2514109000BA078F /* App */ = {
			isa = PBXGroup;
			children = (
				4CF7E3642514102D00BA078F /* AppDelegate.swift */,
				4CF7E3662514102D00BA078F /* SceneDelegate.swift */,
				4CF7E3A0251410E200BA078F /* WalletApp.swift */,
			);
			path = App;
			sourceTree = "<group>";
		};
		4CF7E39E2514109F00BA078F /* User Story */ = {
			isa = PBXGroup;
			children = (
				4C8C95C625455A0C0080BCC3 /* Contacts */,
				4C06BF61251412A00007A4CA /* Auth User Story */,
				4C06BF65251412A00007A4CA /* Forms */,
			);
			path = "User Story";
			sourceTree = "<group>";
		};
		4CF7E39F251410AC00BA078F /* Resources */ = {
			isa = PBXGroup;
			children = (
				4C9BE952253668C300394248 /* Lottie */,
				4CF7E36D2514102D00BA078F /* Assets.xcassets */,
				4CF7E36F2514102D00BA078F /* LaunchScreen.storyboard */,
				4CD08EE8253798D8004ABCE7 /* Localizable.strings */,
			);
			path = Resources;
			sourceTree = "<group>";
		};
/* End PBXGroup section */

/* Begin PBXNativeTarget section */
		4CF7E3602514102D00BA078F /* One-Wallet */ = {
			isa = PBXNativeTarget;
			buildConfigurationList = 4CF7E38B2514102E00BA078F /* Build configuration list for PBXNativeTarget "One-Wallet" */;
			buildPhases = (
				4CF7E35D2514102D00BA078F /* Sources */,
				4CF7E35E2514102D00BA078F /* Frameworks */,
				4CF7E35F2514102D00BA078F /* Resources */,
			);
			buildRules = (
			);
			dependencies = (
			);
			name = "One-Wallet";
			packageProductDependencies = (
				4C46869E252B89E2004A5AB6 /* SwiftyBeaver */,
				4CD2FE8825365863001771CF /* GRDB */,
				4CE7FA9825366194006A0E86 /* Lottie */,
				4C8C95B0254467DA0080BCC3 /* KeychainAccess */,
				4C8C95DB254563460080BCC3 /* PhoneNumberKit */,
			);
			productName = "One-Wallet";
			productReference = 4CF7E3612514102D00BA078F /* One-Wallet.app */;
			productType = "com.apple.product-type.application";
		};
		4CF7E3762514102D00BA078F /* One-WalletTests */ = {
			isa = PBXNativeTarget;
			buildConfigurationList = 4CF7E38E2514102E00BA078F /* Build configuration list for PBXNativeTarget "One-WalletTests" */;
			buildPhases = (
				4CF7E3732514102D00BA078F /* Sources */,
				4CF7E3742514102D00BA078F /* Frameworks */,
				4CF7E3752514102D00BA078F /* Resources */,
			);
			buildRules = (
			);
			dependencies = (
				4CF7E3792514102D00BA078F /* PBXTargetDependency */,
			);
			name = "One-WalletTests";
			productName = "One-WalletTests";
			productReference = 4CF7E3772514102D00BA078F /* One-WalletTests.xctest */;
			productType = "com.apple.product-type.bundle.unit-test";
		};
		4CF7E3812514102E00BA078F /* One-WalletUITests */ = {
			isa = PBXNativeTarget;
			buildConfigurationList = 4CF7E3912514102E00BA078F /* Build configuration list for PBXNativeTarget "One-WalletUITests" */;
			buildPhases = (
				4CF7E37E2514102E00BA078F /* Sources */,
				4CF7E37F2514102E00BA078F /* Frameworks */,
				4CF7E3802514102E00BA078F /* Resources */,
			);
			buildRules = (
			);
			dependencies = (
				4CF7E3842514102E00BA078F /* PBXTargetDependency */,
			);
			name = "One-WalletUITests";
			productName = "One-WalletUITests";
			productReference = 4CF7E3822514102E00BA078F /* One-WalletUITests.xctest */;
			productType = "com.apple.product-type.bundle.ui-testing";
		};
/* End PBXNativeTarget section */

/* Begin PBXProject section */
		4CF7E3592514102D00BA078F /* Project object */ = {
			isa = PBXProject;
			attributes = {
				LastSwiftUpdateCheck = 1200;
				LastUpgradeCheck = 1200;
				TargetAttributes = {
					4CF7E3602514102D00BA078F = {
						CreatedOnToolsVersion = 12.0;
					};
					4CF7E3762514102D00BA078F = {
						CreatedOnToolsVersion = 12.0;
						TestTargetID = 4CF7E3602514102D00BA078F;
					};
					4CF7E3812514102E00BA078F = {
						CreatedOnToolsVersion = 12.0;
						TestTargetID = 4CF7E3602514102D00BA078F;
					};
				};
			};
			buildConfigurationList = 4CF7E35C2514102D00BA078F /* Build configuration list for PBXProject "One-Wallet" */;
			compatibilityVersion = "Xcode 9.3";
			developmentRegion = en;
			hasScannedForEncodings = 0;
			knownRegions = (
				en,
				Base,
				ar,
			);
			mainGroup = 4CF7E3582514102D00BA078F;
			packageReferences = (
				4C46869D252B89E2004A5AB6 /* XCRemoteSwiftPackageReference "SwiftyBeaver" */,
				4CD2FE8725365863001771CF /* XCRemoteSwiftPackageReference "GRDB.swift" */,
				4CE7FA9725366194006A0E86 /* XCRemoteSwiftPackageReference "lottie-ios" */,
				4C8C95AF254467DA0080BCC3 /* XCRemoteSwiftPackageReference "KeychainAccess" */,
				4C8C95DA254563460080BCC3 /* XCRemoteSwiftPackageReference "PhoneNumberKit" */,
			);
			productRefGroup = 4CF7E3622514102D00BA078F /* Products */;
			projectDirPath = "";
			projectRoot = "";
			targets = (
				4CF7E3602514102D00BA078F /* One-Wallet */,
				4CF7E3762514102D00BA078F /* One-WalletTests */,
				4CF7E3812514102E00BA078F /* One-WalletUITests */,
			);
		};
/* End PBXProject section */

/* Begin PBXResourcesBuildPhase section */
		4CF7E35F2514102D00BA078F /* Resources */ = {
			isa = PBXResourcesBuildPhase;
			buildActionMask = 2147483647;
			files = (
				4CF7E3712514102D00BA078F /* LaunchScreen.storyboard in Resources */,
				4CD08EE6253798D8004ABCE7 /* Localizable.strings in Resources */,
				4C4FE6DE2540E5B600960C8C /* schema.sql in Resources */,
				4C9BE954253668E800394248 /* splash-wallet-animation.json in Resources */,
				4CF7E36E2514102D00BA078F /* Assets.xcassets in Resources */,
			);
			runOnlyForDeploymentPostprocessing = 0;
		};
		4CF7E3752514102D00BA078F /* Resources */ = {
			isa = PBXResourcesBuildPhase;
			buildActionMask = 2147483647;
			files = (
			);
			runOnlyForDeploymentPostprocessing = 0;
		};
		4CF7E3802514102E00BA078F /* Resources */ = {
			isa = PBXResourcesBuildPhase;
			buildActionMask = 2147483647;
			files = (
			);
			runOnlyForDeploymentPostprocessing = 0;
		};
/* End PBXResourcesBuildPhase section */

/* Begin PBXSourcesBuildPhase section */
		4CF7E35D2514102D00BA078F /* Sources */ = {
			isa = PBXSourcesBuildPhase;
			buildActionMask = 2147483647;
			files = (
				4CD2FE832533BA40001771CF /* AuthRepo.swift in Sources */,
				4C9BE9472536653A00394248 /* AnimatedImageCell.swift in Sources */,
				4C4FE6C62540DA1D00960C8C /* GRDBSchemeMigrator.swift in Sources */,
				4C9CAA11253FF180005909E9 /* OTPFieldCell.swift in Sources */,
				4C8C95AB25440D6D0080BCC3 /* Data+Convinent.swift in Sources */,
				4CF7E3A1251410E200BA078F /* WalletApp.swift in Sources */,
				4C06BF6E251412A00007A4CA /* ButtonCell.swift in Sources */,
				4C9BE94D2536674700394248 /* Lottie+Hashable.swift in Sources */,
				4C5A206E253FF5C200D8EB21 /* BaseCollectionViewController.swift in Sources */,
				4C8C95F52545C2020080BCC3 /* WalletContactsManager.swift in Sources */,
				4CD2FE9525365B62001771CF /* AuthNavigationController.swift in Sources */,
				4CD2FE7C252BD05F001771CF /* TitleCell.swift in Sources */,
				4C9BE9422536636F00394248 /* SplashViewController.swift in Sources */,
				4C4FE6C12540D95500960C8C /* GRDBManager.swift in Sources */,
				4C8C95EA2545B80C0080BCC3 /* WalletContact.swift in Sources */,
				4C8C95B8254468120080BCC3 /* KeychainManager.swift in Sources */,
				4C06BF6C251412A00007A4CA /* FormViewController.swift in Sources */,
				4C8C95BD254472B20080BCC3 /* URLRequest+Debug.swift in Sources */,
				4C8C95F02545C1C70080BCC3 /* ImageCache.swift in Sources */,
				4C0369AC253FF74A005ED1FE /* HomeViewController.swift in Sources */,
				4CD08EF9253C06EA004ABCE7 /* SafeAreaInputAccessoryViewWrapperView.swift in Sources */,
				4C8C95FA2546C7CC0080BCC3 /* ContactDiscoveryOperation.swift in Sources */,
				4CF7E3652514102D00BA078F /* AppDelegate.swift in Sources */,
				4C9CAA09253DC7D9005909E9 /* UIFont+Styles.swift in Sources */,
				4CF7E3672514102D00BA078F /* SceneDelegate.swift in Sources */,
				4C005856254173540015DDE6 /* RequestBuilder.swift in Sources */,
				4C005861254198980015DDE6 /* NetworkManagerEvaluator.swift in Sources */,
				4C06BF6B251412A00007A4CA /* SignUpViewModel.swift in Sources */,
				4C8C95E22545B69A0080BCC3 /* SystemContactsFetcher.swift in Sources */,
				4CD08F02253DB97B004ABCE7 /* VerifyPhoneNumberViewController.swift in Sources */,
				4CD2FE9025365AAC001771CF /* WalletNavigationController.swift in Sources */,
				4C8C95A325440C110080BCC3 /* Cryptography.swift in Sources */,
				4C4FE6F12540F61200960C8C /* WalletPreferences.swift in Sources */,
				4C8C95CD25455A660080BCC3 /* ContactsViewModel.swift in Sources */,
				4C4FE6E42540E8B300960C8C /* KeyValueStore.swift in Sources */,
				4C8C95C825455A230080BCC3 /* ContactsViewController.swift in Sources */,
				4C4686A4252B8A7A004A5AB6 /* AppLogger.swift in Sources */,
				4CD08EF3253C0152004ABCE7 /* LayoutGuide.swift in Sources */,
				4C06BF6A251412A00007A4CA /* SignUpViewController.swift in Sources */,
				4C8C95D225455AAE0080BCC3 /* ContactsRepo.swift in Sources */,
				4CD08F07253DB9D8004ABCE7 /* VerifyPhoneNumberViewModel.swift in Sources */,
				4C06BF6D251412A00007A4CA /* TextFieldCell.swift in Sources */,
				4C4FE6B92540D92400960C8C /* GRDBStorage.swift in Sources */,
				4C00585C254178D80015DDE6 /* MoviesRepo.swift in Sources */,
				4C005851254171D50015DDE6 /* NetworkResponses.swift in Sources */,
				4C005866254199E90015DDE6 /* RequestAdapters.swift in Sources */,
				4C8C95C2254522870080BCC3 /* WalletAccount.swift in Sources */,
				4C4FE6EC2540E9D800960C8C /* SDSTableMetadata.swift in Sources */,
				4C005849254170AC0015DDE6 /* APIClient.swift in Sources */,
			);
			runOnlyForDeploymentPostprocessing = 0;
		};
		4CF7E3732514102D00BA078F /* Sources */ = {
			isa = PBXSourcesBuildPhase;
			buildActionMask = 2147483647;
			files = (
				4CF7E37C2514102D00BA078F /* One_WalletTests.swift in Sources */,
			);
			runOnlyForDeploymentPostprocessing = 0;
		};
		4CF7E37E2514102E00BA078F /* Sources */ = {
			isa = PBXSourcesBuildPhase;
			buildActionMask = 2147483647;
			files = (
				4CF7E3872514102E00BA078F /* One_WalletUITests.swift in Sources */,
			);
			runOnlyForDeploymentPostprocessing = 0;
		};
/* End PBXSourcesBuildPhase section */

/* Begin PBXTargetDependency section */
		4CF7E3792514102D00BA078F /* PBXTargetDependency */ = {
			isa = PBXTargetDependency;
			target = 4CF7E3602514102D00BA078F /* One-Wallet */;
			targetProxy = 4CF7E3782514102D00BA078F /* PBXContainerItemProxy */;
		};
		4CF7E3842514102E00BA078F /* PBXTargetDependency */ = {
			isa = PBXTargetDependency;
			target = 4CF7E3602514102D00BA078F /* One-Wallet */;
			targetProxy = 4CF7E3832514102E00BA078F /* PBXContainerItemProxy */;
		};
/* End PBXTargetDependency section */

/* Begin PBXVariantGroup section */
		4CD08EE8253798D8004ABCE7 /* Localizable.strings */ = {
			isa = PBXVariantGroup;
			children = (
				4CD08EE7253798D8004ABCE7 /* en */,
				4CD08EED253798F1004ABCE7 /* ar */,
			);
			name = Localizable.strings;
			sourceTree = "<group>";
		};
		4CF7E36F2514102D00BA078F /* LaunchScreen.storyboard */ = {
			isa = PBXVariantGroup;
			children = (
				4CF7E3702514102D00BA078F /* Base */,
				4CD08EEC253798F1004ABCE7 /* ar */,
			);
			name = LaunchScreen.storyboard;
			sourceTree = "<group>";
		};
/* End PBXVariantGroup section */

/* Begin XCBuildConfiguration section */
		4CF7E3892514102E00BA078F /* Debug */ = {
			isa = XCBuildConfiguration;
			buildSettings = {
				ALWAYS_SEARCH_USER_PATHS = NO;
				CLANG_ANALYZER_LOCALIZABILITY_NONLOCALIZED = YES;
				CLANG_ANALYZER_NONNULL = YES;
				CLANG_ANALYZER_NUMBER_OBJECT_CONVERSION = YES_AGGRESSIVE;
				CLANG_CXX_LANGUAGE_STANDARD = "gnu++14";
				CLANG_CXX_LIBRARY = "libc++";
				CLANG_ENABLE_MODULES = YES;
				CLANG_ENABLE_OBJC_ARC = YES;
				CLANG_ENABLE_OBJC_WEAK = YES;
				CLANG_WARN_BLOCK_CAPTURE_AUTORELEASING = YES;
				CLANG_WARN_BOOL_CONVERSION = YES;
				CLANG_WARN_COMMA = YES;
				CLANG_WARN_CONSTANT_CONVERSION = YES;
				CLANG_WARN_DEPRECATED_OBJC_IMPLEMENTATIONS = YES;
				CLANG_WARN_DIRECT_OBJC_ISA_USAGE = YES_ERROR;
				CLANG_WARN_DOCUMENTATION_COMMENTS = YES;
				CLANG_WARN_EMPTY_BODY = YES;
				CLANG_WARN_ENUM_CONVERSION = YES;
				CLANG_WARN_INFINITE_RECURSION = YES;
				CLANG_WARN_INT_CONVERSION = YES;
				CLANG_WARN_NON_LITERAL_NULL_CONVERSION = YES;
				CLANG_WARN_OBJC_IMPLICIT_RETAIN_SELF = YES;
				CLANG_WARN_OBJC_LITERAL_CONVERSION = YES;
				CLANG_WARN_OBJC_ROOT_CLASS = YES_ERROR;
				CLANG_WARN_QUOTED_INCLUDE_IN_FRAMEWORK_HEADER = YES;
				CLANG_WARN_RANGE_LOOP_ANALYSIS = YES;
				CLANG_WARN_STRICT_PROTOTYPES = YES;
				CLANG_WARN_SUSPICIOUS_MOVE = YES;
				CLANG_WARN_UNGUARDED_AVAILABILITY = YES_AGGRESSIVE;
				CLANG_WARN_UNREACHABLE_CODE = YES;
				CLANG_WARN__DUPLICATE_METHOD_MATCH = YES;
				COPY_PHASE_STRIP = NO;
				DEBUG_INFORMATION_FORMAT = dwarf;
				ENABLE_STRICT_OBJC_MSGSEND = YES;
				ENABLE_TESTABILITY = YES;
				GCC_C_LANGUAGE_STANDARD = gnu11;
				GCC_DYNAMIC_NO_PIC = NO;
				GCC_NO_COMMON_BLOCKS = YES;
				GCC_OPTIMIZATION_LEVEL = 0;
				GCC_PREPROCESSOR_DEFINITIONS = (
					"DEBUG=1",
					"$(inherited)",
				);
				GCC_WARN_64_TO_32_BIT_CONVERSION = YES;
				GCC_WARN_ABOUT_RETURN_TYPE = YES_ERROR;
				GCC_WARN_UNDECLARED_SELECTOR = YES;
				GCC_WARN_UNINITIALIZED_AUTOS = YES_AGGRESSIVE;
				GCC_WARN_UNUSED_FUNCTION = YES;
				GCC_WARN_UNUSED_VARIABLE = YES;
				IPHONEOS_DEPLOYMENT_TARGET = 14.0;
				MTL_ENABLE_DEBUG_INFO = INCLUDE_SOURCE;
				MTL_FAST_MATH = YES;
				ONLY_ACTIVE_ARCH = YES;
				SDKROOT = iphoneos;
				SWIFT_ACTIVE_COMPILATION_CONDITIONS = DEBUG;
				SWIFT_OPTIMIZATION_LEVEL = "-Onone";
			};
			name = Debug;
		};
		4CF7E38A2514102E00BA078F /* Release */ = {
			isa = XCBuildConfiguration;
			buildSettings = {
				ALWAYS_SEARCH_USER_PATHS = NO;
				CLANG_ANALYZER_LOCALIZABILITY_NONLOCALIZED = YES;
				CLANG_ANALYZER_NONNULL = YES;
				CLANG_ANALYZER_NUMBER_OBJECT_CONVERSION = YES_AGGRESSIVE;
				CLANG_CXX_LANGUAGE_STANDARD = "gnu++14";
				CLANG_CXX_LIBRARY = "libc++";
				CLANG_ENABLE_MODULES = YES;
				CLANG_ENABLE_OBJC_ARC = YES;
				CLANG_ENABLE_OBJC_WEAK = YES;
				CLANG_WARN_BLOCK_CAPTURE_AUTORELEASING = YES;
				CLANG_WARN_BOOL_CONVERSION = YES;
				CLANG_WARN_COMMA = YES;
				CLANG_WARN_CONSTANT_CONVERSION = YES;
				CLANG_WARN_DEPRECATED_OBJC_IMPLEMENTATIONS = YES;
				CLANG_WARN_DIRECT_OBJC_ISA_USAGE = YES_ERROR;
				CLANG_WARN_DOCUMENTATION_COMMENTS = YES;
				CLANG_WARN_EMPTY_BODY = YES;
				CLANG_WARN_ENUM_CONVERSION = YES;
				CLANG_WARN_INFINITE_RECURSION = YES;
				CLANG_WARN_INT_CONVERSION = YES;
				CLANG_WARN_NON_LITERAL_NULL_CONVERSION = YES;
				CLANG_WARN_OBJC_IMPLICIT_RETAIN_SELF = YES;
				CLANG_WARN_OBJC_LITERAL_CONVERSION = YES;
				CLANG_WARN_OBJC_ROOT_CLASS = YES_ERROR;
				CLANG_WARN_QUOTED_INCLUDE_IN_FRAMEWORK_HEADER = YES;
				CLANG_WARN_RANGE_LOOP_ANALYSIS = YES;
				CLANG_WARN_STRICT_PROTOTYPES = YES;
				CLANG_WARN_SUSPICIOUS_MOVE = YES;
				CLANG_WARN_UNGUARDED_AVAILABILITY = YES_AGGRESSIVE;
				CLANG_WARN_UNREACHABLE_CODE = YES;
				CLANG_WARN__DUPLICATE_METHOD_MATCH = YES;
				COPY_PHASE_STRIP = NO;
				DEBUG_INFORMATION_FORMAT = "dwarf-with-dsym";
				ENABLE_NS_ASSERTIONS = NO;
				ENABLE_STRICT_OBJC_MSGSEND = YES;
				GCC_C_LANGUAGE_STANDARD = gnu11;
				GCC_NO_COMMON_BLOCKS = YES;
				GCC_WARN_64_TO_32_BIT_CONVERSION = YES;
				GCC_WARN_ABOUT_RETURN_TYPE = YES_ERROR;
				GCC_WARN_UNDECLARED_SELECTOR = YES;
				GCC_WARN_UNINITIALIZED_AUTOS = YES_AGGRESSIVE;
				GCC_WARN_UNUSED_FUNCTION = YES;
				GCC_WARN_UNUSED_VARIABLE = YES;
				IPHONEOS_DEPLOYMENT_TARGET = 14.0;
				MTL_ENABLE_DEBUG_INFO = NO;
				MTL_FAST_MATH = YES;
				SDKROOT = iphoneos;
				SWIFT_COMPILATION_MODE = wholemodule;
				SWIFT_OPTIMIZATION_LEVEL = "-O";
				VALIDATE_PRODUCT = YES;
			};
			name = Release;
		};
		4CF7E38C2514102E00BA078F /* Debug */ = {
			isa = XCBuildConfiguration;
			buildSettings = {
				ASSETCATALOG_COMPILER_APPICON_NAME = AppIcon;
				ASSETCATALOG_COMPILER_GLOBAL_ACCENT_COLOR_NAME = AccentColor;
				CODE_SIGN_STYLE = Automatic;
				DEVELOPMENT_TEAM = 3S846UE5F8;
				INFOPLIST_FILE = "One-Wallet/Info.plist";
				LD_RUNPATH_SEARCH_PATHS = (
					"$(inherited)",
					"@executable_path/Frameworks",
				);
				PRODUCT_BUNDLE_IDENTIFIER = "com.omaarr90.One-Wallet";
				PRODUCT_NAME = "$(TARGET_NAME)";
				SWIFT_VERSION = 5.0;
				TARGETED_DEVICE_FAMILY = "1,2";
			};
			name = Debug;
		};
		4CF7E38D2514102E00BA078F /* Release */ = {
			isa = XCBuildConfiguration;
			buildSettings = {
				ASSETCATALOG_COMPILER_APPICON_NAME = AppIcon;
				ASSETCATALOG_COMPILER_GLOBAL_ACCENT_COLOR_NAME = AccentColor;
				CODE_SIGN_STYLE = Automatic;
				DEVELOPMENT_TEAM = 3S846UE5F8;
				INFOPLIST_FILE = "One-Wallet/Info.plist";
				LD_RUNPATH_SEARCH_PATHS = (
					"$(inherited)",
					"@executable_path/Frameworks",
				);
				PRODUCT_BUNDLE_IDENTIFIER = "com.omaarr90.One-Wallet";
				PRODUCT_NAME = "$(TARGET_NAME)";
				SWIFT_VERSION = 5.0;
				TARGETED_DEVICE_FAMILY = "1,2";
			};
			name = Release;
		};
		4CF7E38F2514102E00BA078F /* Debug */ = {
			isa = XCBuildConfiguration;
			buildSettings = {
				ALWAYS_EMBED_SWIFT_STANDARD_LIBRARIES = YES;
				BUNDLE_LOADER = "$(TEST_HOST)";
				CODE_SIGN_STYLE = Automatic;
				DEVELOPMENT_TEAM = 3S846UE5F8;
				INFOPLIST_FILE = "One-WalletTests/Info.plist";
				IPHONEOS_DEPLOYMENT_TARGET = 14.0;
				LD_RUNPATH_SEARCH_PATHS = (
					"$(inherited)",
					"@executable_path/Frameworks",
					"@loader_path/Frameworks",
				);
				PRODUCT_BUNDLE_IDENTIFIER = "com.omaarr90.One-WalletTests";
				PRODUCT_NAME = "$(TARGET_NAME)";
				SWIFT_VERSION = 5.0;
				TARGETED_DEVICE_FAMILY = "1,2";
				TEST_HOST = "$(BUILT_PRODUCTS_DIR)/One-Wallet.app/One-Wallet";
			};
			name = Debug;
		};
		4CF7E3902514102E00BA078F /* Release */ = {
			isa = XCBuildConfiguration;
			buildSettings = {
				ALWAYS_EMBED_SWIFT_STANDARD_LIBRARIES = YES;
				BUNDLE_LOADER = "$(TEST_HOST)";
				CODE_SIGN_STYLE = Automatic;
				DEVELOPMENT_TEAM = 3S846UE5F8;
				INFOPLIST_FILE = "One-WalletTests/Info.plist";
				IPHONEOS_DEPLOYMENT_TARGET = 14.0;
				LD_RUNPATH_SEARCH_PATHS = (
					"$(inherited)",
					"@executable_path/Frameworks",
					"@loader_path/Frameworks",
				);
				PRODUCT_BUNDLE_IDENTIFIER = "com.omaarr90.One-WalletTests";
				PRODUCT_NAME = "$(TARGET_NAME)";
				SWIFT_VERSION = 5.0;
				TARGETED_DEVICE_FAMILY = "1,2";
				TEST_HOST = "$(BUILT_PRODUCTS_DIR)/One-Wallet.app/One-Wallet";
			};
			name = Release;
		};
		4CF7E3922514102E00BA078F /* Debug */ = {
			isa = XCBuildConfiguration;
			buildSettings = {
				ALWAYS_EMBED_SWIFT_STANDARD_LIBRARIES = YES;
				CODE_SIGN_STYLE = Automatic;
				DEVELOPMENT_TEAM = 3S846UE5F8;
				INFOPLIST_FILE = "One-WalletUITests/Info.plist";
				LD_RUNPATH_SEARCH_PATHS = (
					"$(inherited)",
					"@executable_path/Frameworks",
					"@loader_path/Frameworks",
				);
				PRODUCT_BUNDLE_IDENTIFIER = "com.omaarr90.One-WalletUITests";
				PRODUCT_NAME = "$(TARGET_NAME)";
				SWIFT_VERSION = 5.0;
				TARGETED_DEVICE_FAMILY = "1,2";
				TEST_TARGET_NAME = "One-Wallet";
			};
			name = Debug;
		};
		4CF7E3932514102E00BA078F /* Release */ = {
			isa = XCBuildConfiguration;
			buildSettings = {
				ALWAYS_EMBED_SWIFT_STANDARD_LIBRARIES = YES;
				CODE_SIGN_STYLE = Automatic;
				DEVELOPMENT_TEAM = 3S846UE5F8;
				INFOPLIST_FILE = "One-WalletUITests/Info.plist";
				LD_RUNPATH_SEARCH_PATHS = (
					"$(inherited)",
					"@executable_path/Frameworks",
					"@loader_path/Frameworks",
				);
				PRODUCT_BUNDLE_IDENTIFIER = "com.omaarr90.One-WalletUITests";
				PRODUCT_NAME = "$(TARGET_NAME)";
				SWIFT_VERSION = 5.0;
				TARGETED_DEVICE_FAMILY = "1,2";
				TEST_TARGET_NAME = "One-Wallet";
			};
			name = Release;
		};
/* End XCBuildConfiguration section */

/* Begin XCConfigurationList section */
		4CF7E35C2514102D00BA078F /* Build configuration list for PBXProject "One-Wallet" */ = {
			isa = XCConfigurationList;
			buildConfigurations = (
				4CF7E3892514102E00BA078F /* Debug */,
				4CF7E38A2514102E00BA078F /* Release */,
			);
			defaultConfigurationIsVisible = 0;
			defaultConfigurationName = Release;
		};
		4CF7E38B2514102E00BA078F /* Build configuration list for PBXNativeTarget "One-Wallet" */ = {
			isa = XCConfigurationList;
			buildConfigurations = (
				4CF7E38C2514102E00BA078F /* Debug */,
				4CF7E38D2514102E00BA078F /* Release */,
			);
			defaultConfigurationIsVisible = 0;
			defaultConfigurationName = Release;
		};
		4CF7E38E2514102E00BA078F /* Build configuration list for PBXNativeTarget "One-WalletTests" */ = {
			isa = XCConfigurationList;
			buildConfigurations = (
				4CF7E38F2514102E00BA078F /* Debug */,
				4CF7E3902514102E00BA078F /* Release */,
			);
			defaultConfigurationIsVisible = 0;
			defaultConfigurationName = Release;
		};
		4CF7E3912514102E00BA078F /* Build configuration list for PBXNativeTarget "One-WalletUITests" */ = {
			isa = XCConfigurationList;
			buildConfigurations = (
				4CF7E3922514102E00BA078F /* Debug */,
				4CF7E3932514102E00BA078F /* Release */,
			);
			defaultConfigurationIsVisible = 0;
			defaultConfigurationName = Release;
		};
/* End XCConfigurationList section */

/* Begin XCRemoteSwiftPackageReference section */
		4C46869D252B89E2004A5AB6 /* XCRemoteSwiftPackageReference "SwiftyBeaver" */ = {
			isa = XCRemoteSwiftPackageReference;
			repositoryURL = "https://github.com/SwiftyBeaver/SwiftyBeaver.git";
			requirement = {
				kind = upToNextMajorVersion;
				minimumVersion = 1.9.2;
			};
		};
		4C8C95AF254467DA0080BCC3 /* XCRemoteSwiftPackageReference "KeychainAccess" */ = {
			isa = XCRemoteSwiftPackageReference;
			repositoryURL = "https://github.com/kishikawakatsumi/KeychainAccess.git";
			requirement = {
				kind = upToNextMajorVersion;
				minimumVersion = 4.2.1;
			};
		};
		4C8C95DA254563460080BCC3 /* XCRemoteSwiftPackageReference "PhoneNumberKit" */ = {
			isa = XCRemoteSwiftPackageReference;
			repositoryURL = "https://github.com/marmelroy/PhoneNumberKit.git";
			requirement = {
				kind = upToNextMajorVersion;
				minimumVersion = 3.3.1;
			};
		};
		4CD2FE8725365863001771CF /* XCRemoteSwiftPackageReference "GRDB.swift" */ = {
			isa = XCRemoteSwiftPackageReference;
			repositoryURL = "https://github.com/groue/GRDB.swift.git";
			requirement = {
				kind = upToNextMajorVersion;
				minimumVersion = 5.0.2;
			};
		};
		4CE7FA9725366194006A0E86 /* XCRemoteSwiftPackageReference "lottie-ios" */ = {
			isa = XCRemoteSwiftPackageReference;
			repositoryURL = "https://github.com/airbnb/lottie-ios";
			requirement = {
				kind = upToNextMajorVersion;
				minimumVersion = 3.1.8;
			};
		};
/* End XCRemoteSwiftPackageReference section */

/* Begin XCSwiftPackageProductDependency section */
		4C46869E252B89E2004A5AB6 /* SwiftyBeaver */ = {
			isa = XCSwiftPackageProductDependency;
			package = 4C46869D252B89E2004A5AB6 /* XCRemoteSwiftPackageReference "SwiftyBeaver" */;
			productName = SwiftyBeaver;
		};
		4C8C95B0254467DA0080BCC3 /* KeychainAccess */ = {
			isa = XCSwiftPackageProductDependency;
			package = 4C8C95AF254467DA0080BCC3 /* XCRemoteSwiftPackageReference "KeychainAccess" */;
			productName = KeychainAccess;
		};
		4C8C95DB254563460080BCC3 /* PhoneNumberKit */ = {
			isa = XCSwiftPackageProductDependency;
			package = 4C8C95DA254563460080BCC3 /* XCRemoteSwiftPackageReference "PhoneNumberKit" */;
			productName = PhoneNumberKit;
		};
		4CD2FE8825365863001771CF /* GRDB */ = {
			isa = XCSwiftPackageProductDependency;
			package = 4CD2FE8725365863001771CF /* XCRemoteSwiftPackageReference "GRDB.swift" */;
			productName = GRDB;
		};
		4CE7FA9825366194006A0E86 /* Lottie */ = {
			isa = XCSwiftPackageProductDependency;
			package = 4CE7FA9725366194006A0E86 /* XCRemoteSwiftPackageReference "lottie-ios" */;
			productName = Lottie;
		};
/* End XCSwiftPackageProductDependency section */
	};
	rootObject = 4CF7E3592514102D00BA078F /* Project object */;
}
